
Microsoft Visual Studio Solution File, Format Version 12.00
# Visual Studio Version 16
VisualStudioVersion = 16.0.31702.278
MinimumVisualStudioVersion = 10.0.40219.1
Project("{9A19103F-16F7-4668-BE54-9A1E7A4F7556}") = "EmployeeManager", "EmployeeManager\EmployeeManager.csproj", "{93BF08EB-2DAA-46D0-909F-D78DEF22EC20}"
EndProject
Global
	GlobalSection(SolutionConfigurationPlatforms) = preSolution
		Debug|Any CPU = Debug|Any CPU
		Release|Any CPU = Release|Any CPU
	EndGlobalSection
	GlobalSection(ProjectConfigurationPlatforms) = postSolution
		{93BF08EB-2DAA-46D0-909F-D78DEF22EC20}.Debug|Any CPU.ActiveCfg = Debug|Any CPU
		{93BF08EB-2DAA-46D0-909F-D78DEF22EC20}.Debug|Any CPU.Build.0 = Debug|Any CPU
		{93BF08EB-2DAA-46D0-909F-D78DEF22EC20}.Release|Any CPU.ActiveCfg = Release|Any CPU
		{93BF08EB-2DAA-46D0-909F-D78DEF22EC20}.Release|Any CPU.Build.0 = Release|Any CPU
	EndGlobalSection
	GlobalSection(SolutionProperties) = preSolution
		HideSolutionNode = FALSE
	EndGlobalSection
	GlobalSection(ExtensibilityGlobals) = postSolution
		SolutionGuid = {1E7E88CD-3BF5-497B-AFDB-E57C7F132324}
	EndGlobalSection
EndGlobal
